// !$*UTF8*$!
{
	archiveVersion = 1;
	classes = {
	};
	objectVersion = 46;
	objects = {

/* Begin PBXBuildFile section */
		1F21F0401DEEF1A300DBF099 /* AppDelegate.swift in Sources */ = {isa = PBXBuildFile; fileRef = 1F21F03F1DEEF1A300DBF099 /* AppDelegate.swift */; };
		1F21F0451DEEF1A300DBF099 /* Main.storyboard in Resources */ = {isa = PBXBuildFile; fileRef = 1F21F0431DEEF1A300DBF099 /* Main.storyboard */; };
		1F21F0471DEEF1A300DBF099 /* Assets.xcassets in Resources */ = {isa = PBXBuildFile; fileRef = 1F21F0461DEEF1A300DBF099 /* Assets.xcassets */; };
		1F21F04A1DEEF1A300DBF099 /* LaunchScreen.storyboard in Resources */ = {isa = PBXBuildFile; fileRef = 1F21F0481DEEF1A300DBF099 /* LaunchScreen.storyboard */; };
		1F6925F81DF12212000B2360 /* VPNListController.swift in Sources */ = {isa = PBXBuildFile; fileRef = 1F6925F71DF12212000B2360 /* VPNListController.swift */; };
		1F6925FB1DF12292000B2360 /* Theme.swift in Sources */ = {isa = PBXBuildFile; fileRef = 1F6925FA1DF12292000B2360 /* Theme.swift */; };
		1F6925FD1DF12334000B2360 /* ThemeManager.swift in Sources */ = {isa = PBXBuildFile; fileRef = 1F6925FC1DF12334000B2360 /* ThemeManager.swift */; };
		1F6925FF1DF12395000B2360 /* DarkTheme.swift in Sources */ = {isa = PBXBuildFile; fileRef = 1F6925FE1DF12395000B2360 /* DarkTheme.swift */; };
		1F6926011DF123A6000B2360 /* DarkPurpleTheme.swift in Sources */ = {isa = PBXBuildFile; fileRef = 1F6926001DF123A6000B2360 /* DarkPurpleTheme.swift */; };
		1F6926031DF123AF000B2360 /* DarkGreenTheme.swift in Sources */ = {isa = PBXBuildFile; fileRef = 1F6926021DF123AF000B2360 /* DarkGreenTheme.swift */; };
		1F6926051DF123B7000B2360 /* LightTheme.swift in Sources */ = {isa = PBXBuildFile; fileRef = 1F6926041DF123B7000B2360 /* LightTheme.swift */; };
		1F6926071DF13826000B2360 /* HelloKittyTheme.swift in Sources */ = {isa = PBXBuildFile; fileRef = 1F6926061DF13826000B2360 /* HelloKittyTheme.swift */; };
		1F6926091DF152A6000B2360 /* ControllerBackgroundView.swift in Sources */ = {isa = PBXBuildFile; fileRef = 1F6926081DF152A6000B2360 /* ControllerBackgroundView.swift */; };
		1F69260B1DF1551C000B2360 /* TableViewCellTitle.swift in Sources */ = {isa = PBXBuildFile; fileRef = 1F69260A1DF1551C000B2360 /* TableViewCellTitle.swift */; };
		1F6926121DF1909E000B2360 /* VPNListController+TableView.swift in Sources */ = {isa = PBXBuildFile; fileRef = 1F6926111DF1909E000B2360 /* VPNListController+TableView.swift */; };
/* End PBXBuildFile section */

/* Begin PBXFileReference section */
		1F21F03C1DEEF1A300DBF099 /* TurnOnVPN.app */ = {isa = PBXFileReference; explicitFileType = wrapper.application; includeInIndex = 0; path = TurnOnVPN.app; sourceTree = BUILT_PRODUCTS_DIR; };
		1F21F03F1DEEF1A300DBF099 /* AppDelegate.swift */ = {isa = PBXFileReference; lastKnownFileType = sourcecode.swift; path = AppDelegate.swift; sourceTree = "<group>"; };
		1F21F0441DEEF1A300DBF099 /* Base */ = {isa = PBXFileReference; lastKnownFileType = file.storyboard; name = Base; path = Base.lproj/Main.storyboard; sourceTree = "<group>"; };
		1F21F0461DEEF1A300DBF099 /* Assets.xcassets */ = {isa = PBXFileReference; lastKnownFileType = folder.assetcatalog; path = Assets.xcassets; sourceTree = "<group>"; };
		1F21F0491DEEF1A300DBF099 /* Base */ = {isa = PBXFileReference; lastKnownFileType = file.storyboard; name = Base; path = Base.lproj/LaunchScreen.storyboard; sourceTree = "<group>"; };
		1F21F04B1DEEF1A300DBF099 /* Info.plist */ = {isa = PBXFileReference; lastKnownFileType = text.plist.xml; path = Info.plist; sourceTree = "<group>"; };
		1F6925F71DF12212000B2360 /* VPNListController.swift */ = {isa = PBXFileReference; fileEncoding = 4; lastKnownFileType = sourcecode.swift; path = VPNListController.swift; sourceTree = "<group>"; };
		1F6925FA1DF12292000B2360 /* Theme.swift */ = {isa = PBXFileReference; fileEncoding = 4; lastKnownFileType = sourcecode.swift; path = Theme.swift; sourceTree = "<group>"; };
		1F6925FC1DF12334000B2360 /* ThemeManager.swift */ = {isa = PBXFileReference; fileEncoding = 4; lastKnownFileType = sourcecode.swift; path = ThemeManager.swift; sourceTree = "<group>"; };
		1F6925FE1DF12395000B2360 /* DarkTheme.swift */ = {isa = PBXFileReference; fileEncoding = 4; lastKnownFileType = sourcecode.swift; path = DarkTheme.swift; sourceTree = "<group>"; };
		1F6926001DF123A6000B2360 /* DarkPurpleTheme.swift */ = {isa = PBXFileReference; fileEncoding = 4; lastKnownFileType = sourcecode.swift; path = DarkPurpleTheme.swift; sourceTree = "<group>"; };
		1F6926021DF123AF000B2360 /* DarkGreenTheme.swift */ = {isa = PBXFileReference; fileEncoding = 4; lastKnownFileType = sourcecode.swift; path = DarkGreenTheme.swift; sourceTree = "<group>"; };
		1F6926041DF123B7000B2360 /* LightTheme.swift */ = {isa = PBXFileReference; fileEncoding = 4; lastKnownFileType = sourcecode.swift; path = LightTheme.swift; sourceTree = "<group>"; };
		1F6926061DF13826000B2360 /* HelloKittyTheme.swift */ = {isa = PBXFileReference; fileEncoding = 4; lastKnownFileType = sourcecode.swift; path = HelloKittyTheme.swift; sourceTree = "<group>"; };
		1F6926081DF152A6000B2360 /* ControllerBackgroundView.swift */ = {isa = PBXFileReference; fileEncoding = 4; lastKnownFileType = sourcecode.swift; path = ControllerBackgroundView.swift; sourceTree = "<group>"; };
		1F69260A1DF1551C000B2360 /* TableViewCellTitle.swift */ = {isa = PBXFileReference; fileEncoding = 4; lastKnownFileType = sourcecode.swift; path = TableViewCellTitle.swift; sourceTree = "<group>"; };
		1F6926111DF1909E000B2360 /* VPNListController+TableView.swift */ = {isa = PBXFileReference; fileEncoding = 4; lastKnownFileType = sourcecode.swift; path = "VPNListController+TableView.swift"; sourceTree = "<group>"; };
/* End PBXFileReference section */

/* Begin PBXFrameworksBuildPhase section */
		1F21F0391DEEF1A300DBF099 /* Frameworks */ = {
			isa = PBXFrameworksBuildPhase;
			buildActionMask = 2147483647;
			files = (
			);
			runOnlyForDeploymentPostprocessing = 0;
		};
/* End PBXFrameworksBuildPhase section */

/* Begin PBXGroup section */
		1F21F0331DEEF1A300DBF099 = {
			isa = PBXGroup;
			children = (
				1F21F03E1DEEF1A300DBF099 /* TurnOnVPN */,
				1F21F03D1DEEF1A300DBF099 /* Products */,
			);
			sourceTree = "<group>";
		};
		1F21F03D1DEEF1A300DBF099 /* Products */ = {
			isa = PBXGroup;
			children = (
				1F21F03C1DEEF1A300DBF099 /* TurnOnVPN.app */,
			);
			name = Products;
			sourceTree = "<group>";
		};
		1F21F03E1DEEF1A300DBF099 /* TurnOnVPN */ = {
			isa = PBXGroup;
			children = (
				1F6925F91DF12236000B2360 /* Theme */,
				1F21F03F1DEEF1A300DBF099 /* AppDelegate.swift */,
				1F6925F71DF12212000B2360 /* VPNListController.swift */,
				1F6926111DF1909E000B2360 /* VPNListController+TableView.swift */,
				1F21F0431DEEF1A300DBF099 /* Main.storyboard */,
				1F21F0461DEEF1A300DBF099 /* Assets.xcassets */,
				1F21F0481DEEF1A300DBF099 /* LaunchScreen.storyboard */,
				1F21F04B1DEEF1A300DBF099 /* Info.plist */,
			);
			path = TurnOnVPN;
			sourceTree = "<group>";
		};
		1F6925F91DF12236000B2360 /* Theme */ = {
			isa = PBXGroup;
			children = (
				1F6925FC1DF12334000B2360 /* ThemeManager.swift */,
				1F6925FA1DF12292000B2360 /* Theme.swift */,
				1F69260A1DF1551C000B2360 /* TableViewCellTitle.swift */,
				1F6926081DF152A6000B2360 /* ControllerBackgroundView.swift */,
				1F6925FE1DF12395000B2360 /* DarkTheme.swift */,
				1F6926001DF123A6000B2360 /* DarkPurpleTheme.swift */,
				1F6926021DF123AF000B2360 /* DarkGreenTheme.swift */,
				1F6926041DF123B7000B2360 /* LightTheme.swift */,
				1F6926061DF13826000B2360 /* HelloKittyTheme.swift */,
			);
			path = Theme;
			sourceTree = "<group>";
		};
/* End PBXGroup section */

/* Begin PBXNativeTarget section */
		1F21F03B1DEEF1A300DBF099 /* TurnOnVPN */ = {
			isa = PBXNativeTarget;
			buildConfigurationList = 1F21F04E1DEEF1A300DBF099 /* Build configuration list for PBXNativeTarget "TurnOnVPN" */;
			buildPhases = (
				1F21F0381DEEF1A300DBF099 /* Sources */,
				1F21F0391DEEF1A300DBF099 /* Frameworks */,
				1F21F03A1DEEF1A300DBF099 /* Resources */,
			);
			buildRules = (
			);
			dependencies = (
			);
			name = TurnOnVPN;
			productName = TurnOnVPN;
			productReference = 1F21F03C1DEEF1A300DBF099 /* TurnOnVPN.app */;
			productType = "com.apple.product-type.application";
		};
/* End PBXNativeTarget section */

/* Begin PBXProject section */
		1F21F0341DEEF1A300DBF099 /* Project object */ = {
			isa = PBXProject;
			attributes = {
				LastSwiftUpdateCheck = 0810;
				LastUpgradeCheck = 0810;
				ORGANIZATIONNAME = Jeff;
				TargetAttributes = {
					1F21F03B1DEEF1A300DBF099 = {
						CreatedOnToolsVersion = 8.1;
						DevelopmentTeam = Z2K494VF76;
						LastSwiftMigration = 0810;
						ProvisioningStyle = Automatic;
					};
				};
			};
			buildConfigurationList = 1F21F0371DEEF1A300DBF099 /* Build configuration list for PBXProject "TurnOnVPN" */;
			compatibilityVersion = "Xcode 3.2";
			developmentRegion = English;
			hasScannedForEncodings = 0;
			knownRegions = (
				en,
				Base,
			);
			mainGroup = 1F21F0331DEEF1A300DBF099;
			productRefGroup = 1F21F03D1DEEF1A300DBF099 /* Products */;
			projectDirPath = "";
			projectRoot = "";
			targets = (
				1F21F03B1DEEF1A300DBF099 /* TurnOnVPN */,
			);
		};
/* End PBXProject section */

/* Begin PBXResourcesBuildPhase section */
		1F21F03A1DEEF1A300DBF099 /* Resources */ = {
			isa = PBXResourcesBuildPhase;
			buildActionMask = 2147483647;
			files = (
				1F21F04A1DEEF1A300DBF099 /* LaunchScreen.storyboard in Resources */,
				1F21F0471DEEF1A300DBF099 /* Assets.xcassets in Resources */,
				1F21F0451DEEF1A300DBF099 /* Main.storyboard in Resources */,
			);
			runOnlyForDeploymentPostprocessing = 0;
		};
/* End PBXResourcesBuildPhase section */

/* Begin PBXSourcesBuildPhase section */
		1F21F0381DEEF1A300DBF099 /* Sources */ = {
			isa = PBXSourcesBuildPhase;
			buildActionMask = 2147483647;
			files = (
				1F6925FF1DF12395000B2360 /* DarkTheme.swift in Sources */,
				1F6925FB1DF12292000B2360 /* Theme.swift in Sources */,
				1F6926121DF1909E000B2360 /* VPNListController+TableView.swift in Sources */,
				1F6926091DF152A6000B2360 /* ControllerBackgroundView.swift in Sources */,
				1F69260B1DF1551C000B2360 /* TableViewCellTitle.swift in Sources */,
				1F6925FD1DF12334000B2360 /* ThemeManager.swift in Sources */,
				1F6926051DF123B7000B2360 /* LightTheme.swift in Sources */,
				1F6926011DF123A6000B2360 /* DarkPurpleTheme.swift in Sources */,
				1F6926071DF13826000B2360 /* HelloKittyTheme.swift in Sources */,
				1F6926031DF123AF000B2360 /* DarkGreenTheme.swift in Sources */,
				1F6925F81DF12212000B2360 /* VPNListController.swift in Sources */,
				1F21F0401DEEF1A300DBF099 /* AppDelegate.swift in Sources */,
			);
			runOnlyForDeploymentPostprocessing = 0;
		};
/* End PBXSourcesBuildPhase section */

/* Begin PBXVariantGroup section */
		1F21F0431DEEF1A300DBF099 /* Main.storyboard */ = {
			isa = PBXVariantGroup;
			children = (
				1F21F0441DEEF1A300DBF099 /* Base */,
			);
			name = Main.storyboard;
			sourceTree = "<group>";
		};
		1F21F0481DEEF1A300DBF099 /* LaunchScreen.storyboard */ = {
			isa = PBXVariantGroup;
			children = (
				1F21F0491DEEF1A300DBF099 /* Base */,
			);
			name = LaunchScreen.storyboard;
			sourceTree = "<group>";
		};
/* End PBXVariantGroup section */

/* Begin XCBuildConfiguration section */
		1F21F04C1DEEF1A300DBF099 /* Debug */ = {
			isa = XCBuildConfiguration;
			buildSettings = {
				ALWAYS_SEARCH_USER_PATHS = NO;
				CLANG_ANALYZER_NONNULL = YES;
				CLANG_CXX_LANGUAGE_STANDARD = "gnu++0x";
				CLANG_CXX_LIBRARY = "libc++";
				CLANG_ENABLE_MODULES = YES;
				CLANG_ENABLE_OBJC_ARC = YES;
				CLANG_WARN_BOOL_CONVERSION = YES;
				CLANG_WARN_CONSTANT_CONVERSION = YES;
				CLANG_WARN_DIRECT_OBJC_ISA_USAGE = YES_ERROR;
				CLANG_WARN_DOCUMENTATION_COMMENTS = YES;
				CLANG_WARN_EMPTY_BODY = YES;
				CLANG_WARN_ENUM_CONVERSION = YES;
				CLANG_WARN_INFINITE_RECURSION = YES;
				CLANG_WARN_INT_CONVERSION = YES;
				CLANG_WARN_OBJC_ROOT_CLASS = YES_ERROR;
				CLANG_WARN_SUSPICIOUS_MOVES = YES;
				CLANG_WARN_UNREACHABLE_CODE = YES;
				CLANG_WARN__DUPLICATE_METHOD_MATCH = YES;
				"CODE_SIGN_IDENTITY[sdk=iphoneos*]" = "iPhone Developer";
				COPY_PHASE_STRIP = NO;
				DEBUG_INFORMATION_FORMAT = dwarf;
				ENABLE_STRICT_OBJC_MSGSEND = YES;
				ENABLE_TESTABILITY = YES;
				GCC_C_LANGUAGE_STANDARD = gnu99;
				GCC_DYNAMIC_NO_PIC = NO;
				GCC_NO_COMMON_BLOCKS = YES;
				GCC_OPTIMIZATION_LEVEL = 0;
				GCC_PREPROCESSOR_DEFINITIONS = (
					"DEBUG=1",
					"$(inherited)",
				);
				GCC_WARN_64_TO_32_BIT_CONVERSION = YES;
				GCC_WARN_ABOUT_RETURN_TYPE = YES_ERROR;
				GCC_WARN_UNDECLARED_SELECTOR = YES;
				GCC_WARN_UNINITIALIZED_AUTOS = YES_AGGRESSIVE;
				GCC_WARN_UNUSED_FUNCTION = YES;
				GCC_WARN_UNUSED_VARIABLE = YES;
				IPHONEOS_DEPLOYMENT_TARGET = 10.1;
				MTL_ENABLE_DEBUG_INFO = YES;
				ONLY_ACTIVE_ARCH = YES;
				SDKROOT = iphoneos;
				SWIFT_ACTIVE_COMPILATION_CONDITIONS = DEBUG;
				SWIFT_OPTIMIZATION_LEVEL = "-Onone";
			};
			name = Debug;
		};
		1F21F04D1DEEF1A300DBF099 /* Release */ = {
			isa = XCBuildConfiguration;
			buildSettings = {
				ALWAYS_SEARCH_USER_PATHS = NO;
				CLANG_ANALYZER_NONNULL = YES;
				CLANG_CXX_LANGUAGE_STANDARD = "gnu++0x";
				CLANG_CXX_LIBRARY = "libc++";
				CLANG_ENABLE_MODULES = YES;
				CLANG_ENABLE_OBJC_ARC = YES;
				CLANG_WARN_BOOL_CONVERSION = YES;
				CLANG_WARN_CONSTANT_CONVERSION = YES;
				CLANG_WARN_DIRECT_OBJC_ISA_USAGE = YES_ERROR;
				CLANG_WARN_DOCUMENTATION_COMMENTS = YES;
				CLANG_WARN_EMPTY_BODY = YES;
				CLANG_WARN_ENUM_CONVERSION = YES;
				CLANG_WARN_INFINITE_RECURSION = YES;
				CLANG_WARN_INT_CONVERSION = YES;
				CLANG_WARN_OBJC_ROOT_CLASS = YES_ERROR;
				CLANG_WARN_SUSPICIOUS_MOVES = YES;
				CLANG_WARN_UNREACHABLE_CODE = YES;
				CLANG_WARN__DUPLICATE_METHOD_MATCH = YES;
				"CODE_SIGN_IDENTITY[sdk=iphoneos*]" = "iPhone Developer";
				COPY_PHASE_STRIP = NO;
				DEBUG_INFORMATION_FORMAT = "dwarf-with-dsym";
				ENABLE_NS_ASSERTIONS = NO;
				ENABLE_STRICT_OBJC_MSGSEND = YES;
				GCC_C_LANGUAGE_STANDARD = gnu99;
				GCC_NO_COMMON_BLOCKS = YES;
				GCC_WARN_64_TO_32_BIT_CONVERSION = YES;
				GCC_WARN_ABOUT_RETURN_TYPE = YES_ERROR;
				GCC_WARN_UNDECLARED_SELECTOR = YES;
				GCC_WARN_UNINITIALIZED_AUTOS = YES_AGGRESSIVE;
				GCC_WARN_UNUSED_FUNCTION = YES;
				GCC_WARN_UNUSED_VARIABLE = YES;
				IPHONEOS_DEPLOYMENT_TARGET = 10.1;
				MTL_ENABLE_DEBUG_INFO = NO;
				SDKROOT = iphoneos;
				SWIFT_OPTIMIZATION_LEVEL = "-Owholemodule";
				VALIDATE_PRODUCT = YES;
			};
			name = Release;
		};
		1F21F04F1DEEF1A300DBF099 /* Debug */ = {
			isa = XCBuildConfiguration;
			buildSettings = {
				ASSETCATALOG_COMPILER_APPICON_NAME = AppIcon;
				CLANG_ENABLE_MODULES = YES;
				DEVELOPMENT_TEAM = Z2K494VF76;
				INFOPLIST_FILE = TurnOnVPN/Info.plist;
				IPHONEOS_DEPLOYMENT_TARGET = 9.0;
				LD_RUNPATH_SEARCH_PATHS = "$(inherited) @executable_path/Frameworks";
				PRODUCT_BUNDLE_IDENTIFIER = com.jince.TurnOnVPN;
				PRODUCT_NAME = "$(TARGET_NAME)";
				SWIFT_OPTIMIZATION_LEVEL = "-Onone";
				SWIFT_VERSION = 3.0;
				TARGETED_DEVICE_FAMILY = "1,2";
			};
			name = Debug;
		};
		1F21F0501DEEF1A300DBF099 /* Release */ = {
			isa = XCBuildConfiguration;
			buildSettings = {
				ASSETCATALOG_COMPILER_APPICON_NAME = AppIcon;
				CLANG_ENABLE_MODULES = YES;
				DEVELOPMENT_TEAM = Z2K494VF76;
				INFOPLIST_FILE = TurnOnVPN/Info.plist;
				IPHONEOS_DEPLOYMENT_TARGET = 9.0;
				LD_RUNPATH_SEARCH_PATHS = "$(inherited) @executable_path/Frameworks";
				PRODUCT_BUNDLE_IDENTIFIER = com.jince.TurnOnVPN;
				PRODUCT_NAME = "$(TARGET_NAME)";
				SWIFT_VERSION = 3.0;
				TARGETED_DEVICE_FAMILY = "1,2";
			};
			name = Release;
		};
/* End XCBuildConfiguration section */

/* Begin XCConfigurationList section */
		1F21F0371DEEF1A300DBF099 /* Build configuration list for PBXProject "TurnOnVPN" */ = {
			isa = XCConfigurationList;
			buildConfigurations = (
				1F21F04C1DEEF1A300DBF099 /* Debug */,
				1F21F04D1DEEF1A300DBF099 /* Release */,
			);
			defaultConfigurationIsVisible = 0;
			defaultConfigurationName = Release;
		};
		1F21F04E1DEEF1A300DBF099 /* Build configuration list for PBXNativeTarget "TurnOnVPN" */ = {
			isa = XCConfigurationList;
			buildConfigurations = (
				1F21F04F1DEEF1A300DBF099 /* Debug */,
				1F21F0501DEEF1A300DBF099 /* Release */,
			);
			defaultConfigurationIsVisible = 0;
			defaultConfigurationName = Release;
		};
/* End XCConfigurationList section */
	};
	rootObject = 1F21F0341DEEF1A300DBF099 /* Project object */;
}
